
Microsoft Visual Studio Solution File, Format Version 12.00
# Visual Studio Version 17
VisualStudioVersion = 17.14.36518.9 d17.14
MinimumVisualStudioVersion = 10.0.40219.1
Project("{FAE04EC0-301F-11D3-BF4B-00C04F79EFBC}") = "Orbit", "Orbit.csproj", "{1C71953B-63F1-46C1-8FD8-5187AC2D124A}"
EndProject
Global
	GlobalSection(SolutionConfigurationPlatforms) = preSolution
		Debug|Any CPU = Debug|Any CPU
		Release|Any CPU = Release|Any CPU
	EndGlobalSection
	GlobalSection(ProjectConfigurationPlatforms) = postSolution
		{1C71953B-63F1-46C1-8FD8-5187AC2D124A}.Debug|Any CPU.ActiveCfg = Debug|Any CPU
		{1C71953B-63F1-46C1-8FD8-5187AC2D124A}.Debug|Any CPU.Build.0 = Debug|Any CPU
		{1C71953B-63F1-46C1-8FD8-5187AC2D124A}.Release|Any CPU.ActiveCfg = Release|Any CPU
		{1C71953B-63F1-46C1-8FD8-5187AC2D124A}.Release|Any CPU.Build.0 = Release|Any CPU
	EndGlobalSection
	GlobalSection(SolutionProperties) = preSolution
		HideSolutionNode = FALSE
	EndGlobalSection
	GlobalSection(ExtensibilityGlobals) = postSolution
		SolutionGuid = {F160FA4A-EB82-4D53-B107-D2225138792F}
	EndGlobalSection
EndGlobal
